
Microsoft Visual Studio Solution File, Format Version 12.00
# Visual Studio 2012
Project("{FAE04EC0-301F-11D3-BF4B-00C04F79EFBC}") = "FbxDiff", "FbxDiff.csproj", "{77A7D871-75EA-41EA-BBBD-8BFB191BCD63}"
EndProject
Project("{FAE04EC0-301F-11D3-BF4B-00C04F79EFBC}") = "FbxDiff.Tests", "FbxDiff.Tests\FbxDiff.Tests.csproj", "{0CE47018-936E-458F-92A3-FBE4F9E9E1B6}"
EndProject
Global
	GlobalSection(SolutionConfigurationPlatforms) = preSolution
		Debug|x86 = Debug|x86
		Release|x86 = Release|x86
	EndGlobalSection
	GlobalSection(ProjectConfigurationPlatforms) = postSolution
		{0CE47018-936E-458F-92A3-FBE4F9E9E1B6}.Debug|x86.ActiveCfg = Debug|Any CPU
		{0CE47018-936E-458F-92A3-FBE4F9E9E1B6}.Debug|x86.Build.0 = Debug|Any CPU
		{0CE47018-936E-458F-92A3-FBE4F9E9E1B6}.Release|x86.ActiveCfg = Release|Any CPU
		{0CE47018-936E-458F-92A3-FBE4F9E9E1B6}.Release|x86.Build.0 = Release|Any CPU
		{77A7D871-75EA-41EA-BBBD-8BFB191BCD63}.Debug|x86.ActiveCfg = Debug|x86
		{77A7D871-75EA-41EA-BBBD-8BFB191BCD63}.Debug|x86.Build.0 = Debug|x86
		{77A7D871-75EA-41EA-BBBD-8BFB191BCD63}.Release|x86.ActiveCfg = Release|x86
		{77A7D871-75EA-41EA-BBBD-8BFB191BCD63}.Release|x86.Build.0 = Release|x86
	EndGlobalSection
EndGlobal
